
Microsoft Visual Studio Solution File, Format Version 12.00
# Visual Studio Version 17
VisualStudioVersion = 17.0.31717.71
MinimumVisualStudioVersion = 10.0.40219.1
Project("{2150E333-8FDC-42A3-9474-1A3956D46DE8}") = "Packages", "Packages", "{11CFCCA5-ECD0-4BD3-AA40-1EEAF23BA1DC}"
EndProject
Project("{9A19103F-16F7-4668-BE54-9A1E7A4F7556}") = "AInq.Bitrix24", "src\AInq.Bitrix24\AInq.Bitrix24.csproj", "{22B69AA6-C0B7-4243-98DF-B468A845AF54}"
EndProject
Project("{9A19103F-16F7-4668-BE54-9A1E7A4F7556}") = "AInq.Bitrix24.Abstraction", "src\AInq.Bitrix24.Abstraction\AInq.Bitrix24.Abstraction.csproj", "{690786D3-1D69-4D67-8113-ED443D0DACE1}"
EndProject
Project("{9A19103F-16F7-4668-BE54-9A1E7A4F7556}") = "AInq.Bitrix24.Api", "src\AInq.Bitrix24.Api\AInq.Bitrix24.Api.csproj", "{86643D22-0843-4393-BFA4-B0205B5A5BAC}"
EndProject
Project("{9A19103F-16F7-4668-BE54-9A1E7A4F7556}") = "AInq.Bitrix24.Background", "src\AInq.Bitrix24.Background\AInq.Bitrix24.Background.csproj", "{8E8BDCB7-D214-4031-B483-2ECFA3382A60}"
EndProject
Project("{2150E333-8FDC-42A3-9474-1A3956D46DE8}") = "Solution Items", "Solution Items", "{705B082A-D0DD-428F-A0EC-C0B193D3CC28}"
	ProjectSection(SolutionItems) = preProject
		.gitignore = .gitignore
		AInq.Bitrix24.sln.DotSettings = AInq.Bitrix24.sln.DotSettings
		.github\workflows\cleanup.yml = .github\workflows\cleanup.yml
		Directory.Build.props = Directory.Build.props
		src\Shared\JetBrains.Annotations.cs = src\Shared\JetBrains.Annotations.cs
		LICENSE = LICENSE
		README.md = README.md
	EndProjectSection
EndProject
Global
	GlobalSection(SolutionConfigurationPlatforms) = preSolution
		Debug|Any CPU = Debug|Any CPU
		Release|Any CPU = Release|Any CPU
	EndGlobalSection
	GlobalSection(ProjectConfigurationPlatforms) = postSolution
		{22B69AA6-C0B7-4243-98DF-B468A845AF54}.Debug|Any CPU.ActiveCfg = Debug|Any CPU
		{22B69AA6-C0B7-4243-98DF-B468A845AF54}.Debug|Any CPU.Build.0 = Debug|Any CPU
		{22B69AA6-C0B7-4243-98DF-B468A845AF54}.Release|Any CPU.ActiveCfg = Release|Any CPU
		{22B69AA6-C0B7-4243-98DF-B468A845AF54}.Release|Any CPU.Build.0 = Release|Any CPU
		{690786D3-1D69-4D67-8113-ED443D0DACE1}.Debug|Any CPU.ActiveCfg = Debug|Any CPU
		{690786D3-1D69-4D67-8113-ED443D0DACE1}.Debug|Any CPU.Build.0 = Debug|Any CPU
		{690786D3-1D69-4D67-8113-ED443D0DACE1}.Release|Any CPU.ActiveCfg = Release|Any CPU
		{690786D3-1D69-4D67-8113-ED443D0DACE1}.Release|Any CPU.Build.0 = Release|Any CPU
		{86643D22-0843-4393-BFA4-B0205B5A5BAC}.Debug|Any CPU.ActiveCfg = Debug|Any CPU
		{86643D22-0843-4393-BFA4-B0205B5A5BAC}.Debug|Any CPU.Build.0 = Debug|Any CPU
		{86643D22-0843-4393-BFA4-B0205B5A5BAC}.Release|Any CPU.ActiveCfg = Release|Any CPU
		{86643D22-0843-4393-BFA4-B0205B5A5BAC}.Release|Any CPU.Build.0 = Release|Any CPU
		{8E8BDCB7-D214-4031-B483-2ECFA3382A60}.Debug|Any CPU.ActiveCfg = Debug|Any CPU
		{8E8BDCB7-D214-4031-B483-2ECFA3382A60}.Debug|Any CPU.Build.0 = Debug|Any CPU
		{8E8BDCB7-D214-4031-B483-2ECFA3382A60}.Release|Any CPU.ActiveCfg = Release|Any CPU
		{8E8BDCB7-D214-4031-B483-2ECFA3382A60}.Release|Any CPU.Build.0 = Release|Any CPU
	EndGlobalSection
	GlobalSection(SolutionProperties) = preSolution
		HideSolutionNode = FALSE
	EndGlobalSection
	GlobalSection(NestedProjects) = preSolution
		{22B69AA6-C0B7-4243-98DF-B468A845AF54} = {11CFCCA5-ECD0-4BD3-AA40-1EEAF23BA1DC}
		{690786D3-1D69-4D67-8113-ED443D0DACE1} = {11CFCCA5-ECD0-4BD3-AA40-1EEAF23BA1DC}
		{86643D22-0843-4393-BFA4-B0205B5A5BAC} = {11CFCCA5-ECD0-4BD3-AA40-1EEAF23BA1DC}
		{8E8BDCB7-D214-4031-B483-2ECFA3382A60} = {11CFCCA5-ECD0-4BD3-AA40-1EEAF23BA1DC}
	EndGlobalSection
	GlobalSection(ExtensibilityGlobals) = postSolution
		SolutionGuid = {C40EE65E-6A4D-4797-8380-F8259A075237}
	EndGlobalSection
EndGlobal
